
Microsoft Visual Studio Solution File, Format Version 12.00
# Visual Studio Version 17
VisualStudioVersion = 17.5.002.0
MinimumVisualStudioVersion = 10.0.40219.1
Project("{9A19103F-16F7-4668-BE54-9A1E7A4F7556}") = "advancedExercise", "advancedExercise.csproj", "{5E68A5FF-51C3-465B-B160-6D6F50D68C33}"
EndProject
Global
	GlobalSection(SolutionConfigurationPlatforms) = preSolution
		Debug|Any CPU = Debug|Any CPU
		Release|Any CPU = Release|Any CPU
	EndGlobalSection
	GlobalSection(ProjectConfigurationPlatforms) = postSolution
		{5E68A5FF-51C3-465B-B160-6D6F50D68C33}.Debug|Any CPU.ActiveCfg = Debug|Any CPU
		{5E68A5FF-51C3-465B-B160-6D6F50D68C33}.Debug|Any CPU.Build.0 = Debug|Any CPU
		{5E68A5FF-51C3-465B-B160-6D6F50D68C33}.Release|Any CPU.ActiveCfg = Release|Any CPU
		{5E68A5FF-51C3-465B-B160-6D6F50D68C33}.Release|Any CPU.Build.0 = Release|Any CPU
	EndGlobalSection
	GlobalSection(SolutionProperties) = preSolution
		HideSolutionNode = FALSE
	EndGlobalSection
	GlobalSection(ExtensibilityGlobals) = postSolution
		SolutionGuid = {551618B7-95AB-4AAD-A3CC-7AEACABD38D4}
	EndGlobalSection
EndGlobal
